
Microsoft Visual Studio Solution File, Format Version 12.00
# Visual Studio Version 16
VisualStudioVersion = 16.0.31321.278
MinimumVisualStudioVersion = 10.0.40219.1
Project("{9A19103F-16F7-4668-BE54-9A1E7A4F7556}") = "LaPOOCSharp", "LaPOOCSharp\LaPOOCSharp.csproj", "{C4D2619D-0664-4366-B285-38EE8F738A1C}"
EndProject
Project("{2150E333-8FDC-42A3-9474-1A3956D46DE8}") = "FormationWPF", "FormationWPF", "{849B7244-0D01-43DF-9220-A176EC341EF6}"
EndProject
Project("{9A19103F-16F7-4668-BE54-9A1E7A4F7556}") = "ClassPartialTest", "ClassPartialTest\ClassPartialTest.csproj", "{5A50E6A3-E1FF-4B50-A0B4-5CF5299F4028}"
EndProject
Project("{9A19103F-16F7-4668-BE54-9A1E7A4F7556}") = "LesInterfaces", "LesInterfaces\LesInterfaces.csproj", "{225935F2-032D-4335-A7F7-DEAA1BC4CCA6}"
EndProject
Project("{9A19103F-16F7-4668-BE54-9A1E7A4F7556}") = "LesEnums", "LesEnums\LesEnums.csproj", "{CDA1ED1A-2742-4867-95DA-3207A98CAC87}"
EndProject
Project("{9A19103F-16F7-4668-BE54-9A1E7A4F7556}") = "LesStructures", "LesStructures\LesStructures.csproj", "{663536AA-83AE-4604-A8C0-F108788D2C09}"
EndProject
Project("{9A19103F-16F7-4668-BE54-9A1E7A4F7556}") = "BoxingUnboxing", "BoxingUnboxing\BoxingUnboxing.csproj", "{62D61405-14B4-4395-94E4-0A97B2FDDEAD}"
EndProject
Project("{9A19103F-16F7-4668-BE54-9A1E7A4F7556}") = "Heritage", "Heritage\Heritage.csproj", "{2E570126-20E8-4CD1-B6B1-1C604F70B48E}"
EndProject
Project("{FAE04EC0-301F-11D3-BF4B-00C04F79EFBC}") = "ExceptionRegex", "ExceptionRegex\ExceptionRegex.csproj", "{F1F25CAE-AF2E-4A7E-B243-13DE6A473E15}"
EndProject
Project("{FAE04EC0-301F-11D3-BF4B-00C04F79EFBC}") = "LesGenerics", "LesGenerics\LesGenerics.csproj", "{7E642802-230D-4D42-A1CE-41A992416D09}"
EndProject
Project("{FAE04EC0-301F-11D3-BF4B-00C04F79EFBC}") = "LesDeleguesLambdaExpression", "LesDelegues\LesDeleguesLambdaExpression.csproj", "{777B913B-59A6-47B3-98CA-9FFD2A6E3937}"
EndProject
Project("{FAE04EC0-301F-11D3-BF4B-00C04F79EFBC}") = "LesExtentionsMethode", "LesExtentionsMethode\LesExtentionsMethode.csproj", "{DFD95BC5-00E8-4CEE-BB4E-DA185D8FA3ED}"
EndProject
Project("{FAE04EC0-301F-11D3-BF4B-00C04F79EFBC}") = "LesTuples", "LesTuples\LesTuples.csproj", "{74869845-14D6-4454-9877-D31E1874D0D4}"
EndProject
Project("{FAE04EC0-301F-11D3-BF4B-00C04F79EFBC}") = "LesDeconstructeur", "LesDeconstructeur\LesDeconstructeur.csproj", "{1CB87C8F-2371-4290-9960-E40E969C5AD4}"
EndProject
Project("{2150E333-8FDC-42A3-9474-1A3956D46DE8}") = "AdoNet", "AdoNet", "{923C2A28-BF34-4FCE-A199-135A3D044C8D}"
EndProject
Project("{FAE04EC0-301F-11D3-BF4B-00C04F79EFBC}") = "CoursAdoNET", "CoursAdoNET\CoursAdoNET.csproj", "{8E5357DA-21E9-4ACE-BBE2-CC928571D031}"
EndProject
Project("{FAE04EC0-301F-11D3-BF4B-00C04F79EFBC}") = "TpCompteBancaireHeritage", "TpCompteBancaireHeritage\TpCompteBancaireHeritage.csproj", "{073B5CA2-8760-4A7B-899C-7803C16C5F11}"
EndProject
Global
	GlobalSection(SolutionConfigurationPlatforms) = preSolution
		Debug|Any CPU = Debug|Any CPU
		Release|Any CPU = Release|Any CPU
	EndGlobalSection
	GlobalSection(ProjectConfigurationPlatforms) = postSolution
		{C4D2619D-0664-4366-B285-38EE8F738A1C}.Debug|Any CPU.ActiveCfg = Debug|Any CPU
		{C4D2619D-0664-4366-B285-38EE8F738A1C}.Debug|Any CPU.Build.0 = Debug|Any CPU
		{C4D2619D-0664-4366-B285-38EE8F738A1C}.Release|Any CPU.ActiveCfg = Release|Any CPU
		{C4D2619D-0664-4366-B285-38EE8F738A1C}.Release|Any CPU.Build.0 = Release|Any CPU
		{5A50E6A3-E1FF-4B50-A0B4-5CF5299F4028}.Debug|Any CPU.ActiveCfg = Debug|Any CPU
		{5A50E6A3-E1FF-4B50-A0B4-5CF5299F4028}.Debug|Any CPU.Build.0 = Debug|Any CPU
		{5A50E6A3-E1FF-4B50-A0B4-5CF5299F4028}.Release|Any CPU.ActiveCfg = Release|Any CPU
		{5A50E6A3-E1FF-4B50-A0B4-5CF5299F4028}.Release|Any CPU.Build.0 = Release|Any CPU
		{225935F2-032D-4335-A7F7-DEAA1BC4CCA6}.Debug|Any CPU.ActiveCfg = Debug|Any CPU
		{225935F2-032D-4335-A7F7-DEAA1BC4CCA6}.Debug|Any CPU.Build.0 = Debug|Any CPU
		{225935F2-032D-4335-A7F7-DEAA1BC4CCA6}.Release|Any CPU.ActiveCfg = Release|Any CPU
		{225935F2-032D-4335-A7F7-DEAA1BC4CCA6}.Release|Any CPU.Build.0 = Release|Any CPU
		{CDA1ED1A-2742-4867-95DA-3207A98CAC87}.Debug|Any CPU.ActiveCfg = Debug|Any CPU
		{CDA1ED1A-2742-4867-95DA-3207A98CAC87}.Debug|Any CPU.Build.0 = Debug|Any CPU
		{CDA1ED1A-2742-4867-95DA-3207A98CAC87}.Release|Any CPU.ActiveCfg = Release|Any CPU
		{CDA1ED1A-2742-4867-95DA-3207A98CAC87}.Release|Any CPU.Build.0 = Release|Any CPU
		{663536AA-83AE-4604-A8C0-F108788D2C09}.Debug|Any CPU.ActiveCfg = Debug|Any CPU
		{663536AA-83AE-4604-A8C0-F108788D2C09}.Debug|Any CPU.Build.0 = Debug|Any CPU
		{663536AA-83AE-4604-A8C0-F108788D2C09}.Release|Any CPU.ActiveCfg = Release|Any CPU
		{663536AA-83AE-4604-A8C0-F108788D2C09}.Release|Any CPU.Build.0 = Release|Any CPU
		{62D61405-14B4-4395-94E4-0A97B2FDDEAD}.Debug|Any CPU.ActiveCfg = Debug|Any CPU
		{62D61405-14B4-4395-94E4-0A97B2FDDEAD}.Debug|Any CPU.Build.0 = Debug|Any CPU
		{62D61405-14B4-4395-94E4-0A97B2FDDEAD}.Release|Any CPU.ActiveCfg = Release|Any CPU
		{62D61405-14B4-4395-94E4-0A97B2FDDEAD}.Release|Any CPU.Build.0 = Release|Any CPU
		{2E570126-20E8-4CD1-B6B1-1C604F70B48E}.Debug|Any CPU.ActiveCfg = Debug|Any CPU
		{2E570126-20E8-4CD1-B6B1-1C604F70B48E}.Debug|Any CPU.Build.0 = Debug|Any CPU
		{2E570126-20E8-4CD1-B6B1-1C604F70B48E}.Release|Any CPU.ActiveCfg = Release|Any CPU
		{2E570126-20E8-4CD1-B6B1-1C604F70B48E}.Release|Any CPU.Build.0 = Release|Any CPU
		{F1F25CAE-AF2E-4A7E-B243-13DE6A473E15}.Debug|Any CPU.ActiveCfg = Debug|Any CPU
		{F1F25CAE-AF2E-4A7E-B243-13DE6A473E15}.Debug|Any CPU.Build.0 = Debug|Any CPU
		{F1F25CAE-AF2E-4A7E-B243-13DE6A473E15}.Release|Any CPU.ActiveCfg = Release|Any CPU
		{F1F25CAE-AF2E-4A7E-B243-13DE6A473E15}.Release|Any CPU.Build.0 = Release|Any CPU
		{7E642802-230D-4D42-A1CE-41A992416D09}.Debug|Any CPU.ActiveCfg = Debug|Any CPU
		{7E642802-230D-4D42-A1CE-41A992416D09}.Debug|Any CPU.Build.0 = Debug|Any CPU
		{7E642802-230D-4D42-A1CE-41A992416D09}.Release|Any CPU.ActiveCfg = Release|Any CPU
		{7E642802-230D-4D42-A1CE-41A992416D09}.Release|Any CPU.Build.0 = Release|Any CPU
		{777B913B-59A6-47B3-98CA-9FFD2A6E3937}.Debug|Any CPU.ActiveCfg = Debug|Any CPU
		{777B913B-59A6-47B3-98CA-9FFD2A6E3937}.Debug|Any CPU.Build.0 = Debug|Any CPU
		{777B913B-59A6-47B3-98CA-9FFD2A6E3937}.Release|Any CPU.ActiveCfg = Release|Any CPU
		{777B913B-59A6-47B3-98CA-9FFD2A6E3937}.Release|Any CPU.Build.0 = Release|Any CPU
		{DFD95BC5-00E8-4CEE-BB4E-DA185D8FA3ED}.Debug|Any CPU.ActiveCfg = Debug|Any CPU
		{DFD95BC5-00E8-4CEE-BB4E-DA185D8FA3ED}.Debug|Any CPU.Build.0 = Debug|Any CPU
		{DFD95BC5-00E8-4CEE-BB4E-DA185D8FA3ED}.Release|Any CPU.ActiveCfg = Release|Any CPU
		{DFD95BC5-00E8-4CEE-BB4E-DA185D8FA3ED}.Release|Any CPU.Build.0 = Release|Any CPU
		{74869845-14D6-4454-9877-D31E1874D0D4}.Debug|Any CPU.ActiveCfg = Debug|Any CPU
		{74869845-14D6-4454-9877-D31E1874D0D4}.Debug|Any CPU.Build.0 = Debug|Any CPU
		{74869845-14D6-4454-9877-D31E1874D0D4}.Release|Any CPU.ActiveCfg = Release|Any CPU
		{74869845-14D6-4454-9877-D31E1874D0D4}.Release|Any CPU.Build.0 = Release|Any CPU
		{1CB87C8F-2371-4290-9960-E40E969C5AD4}.Debug|Any CPU.ActiveCfg = Debug|Any CPU
		{1CB87C8F-2371-4290-9960-E40E969C5AD4}.Debug|Any CPU.Build.0 = Debug|Any CPU
		{1CB87C8F-2371-4290-9960-E40E969C5AD4}.Release|Any CPU.ActiveCfg = Release|Any CPU
		{1CB87C8F-2371-4290-9960-E40E969C5AD4}.Release|Any CPU.Build.0 = Release|Any CPU
		{8E5357DA-21E9-4ACE-BBE2-CC928571D031}.Debug|Any CPU.ActiveCfg = Debug|Any CPU
		{8E5357DA-21E9-4ACE-BBE2-CC928571D031}.Debug|Any CPU.Build.0 = Debug|Any CPU
		{8E5357DA-21E9-4ACE-BBE2-CC928571D031}.Release|Any CPU.ActiveCfg = Release|Any CPU
		{8E5357DA-21E9-4ACE-BBE2-CC928571D031}.Release|Any CPU.Build.0 = Release|Any CPU
		{073B5CA2-8760-4A7B-899C-7803C16C5F11}.Debug|Any CPU.ActiveCfg = Debug|Any CPU
		{073B5CA2-8760-4A7B-899C-7803C16C5F11}.Debug|Any CPU.Build.0 = Debug|Any CPU
		{073B5CA2-8760-4A7B-899C-7803C16C5F11}.Release|Any CPU.ActiveCfg = Release|Any CPU
		{073B5CA2-8760-4A7B-899C-7803C16C5F11}.Release|Any CPU.Build.0 = Release|Any CPU
	EndGlobalSection
	GlobalSection(SolutionProperties) = preSolution
		HideSolutionNode = FALSE
	EndGlobalSection
	GlobalSection(NestedProjects) = preSolution
		{5A50E6A3-E1FF-4B50-A0B4-5CF5299F4028} = {849B7244-0D01-43DF-9220-A176EC341EF6}
		{8E5357DA-21E9-4ACE-BBE2-CC928571D031} = {923C2A28-BF34-4FCE-A199-135A3D044C8D}
	EndGlobalSection
	GlobalSection(ExtensibilityGlobals) = postSolution
		SolutionGuid = {421F545D-7E4D-481A-9754-62C6BC6B3CAD}
	EndGlobalSection
EndGlobal
